
Microsoft Visual Studio Solution File, Format Version 12.00
# Visual Studio Version 16
VisualStudioVersion = 16.0.32002.261
MinimumVisualStudioVersion = 10.0.40219.1
Project("{9A19103F-16F7-4668-BE54-9A1E7A4F7556}") = "CafeProject", "CafeProject\CafeProject.csproj", "{A065F7AB-D115-4B05-B70A-8C125487CED7}"
EndProject
Project("{FAE04EC0-301F-11D3-BF4B-00C04F79EFBC}") = "Cafe_Project", "Cafe_Project\Cafe_Project.csproj", "{AF110F7C-9E00-49A5-8897-D54A69B6FBF9}"
EndProject
Global
	GlobalSection(SolutionConfigurationPlatforms) = preSolution
		Debug|Any CPU = Debug|Any CPU
		Release|Any CPU = Release|Any CPU
	EndGlobalSection
	GlobalSection(ProjectConfigurationPlatforms) = postSolution
		{A065F7AB-D115-4B05-B70A-8C125487CED7}.Debug|Any CPU.ActiveCfg = Debug|Any CPU
		{A065F7AB-D115-4B05-B70A-8C125487CED7}.Debug|Any CPU.Build.0 = Debug|Any CPU
		{A065F7AB-D115-4B05-B70A-8C125487CED7}.Release|Any CPU.ActiveCfg = Release|Any CPU
		{A065F7AB-D115-4B05-B70A-8C125487CED7}.Release|Any CPU.Build.0 = Release|Any CPU
		{AF110F7C-9E00-49A5-8897-D54A69B6FBF9}.Debug|Any CPU.ActiveCfg = Debug|Any CPU
		{AF110F7C-9E00-49A5-8897-D54A69B6FBF9}.Debug|Any CPU.Build.0 = Debug|Any CPU
		{AF110F7C-9E00-49A5-8897-D54A69B6FBF9}.Release|Any CPU.ActiveCfg = Release|Any CPU
		{AF110F7C-9E00-49A5-8897-D54A69B6FBF9}.Release|Any CPU.Build.0 = Release|Any CPU
	EndGlobalSection
	GlobalSection(SolutionProperties) = preSolution
		HideSolutionNode = FALSE
	EndGlobalSection
	GlobalSection(ExtensibilityGlobals) = postSolution
		SolutionGuid = {30C3F9CD-0808-4030-8A65-C9B7687EE953}
	EndGlobalSection
EndGlobal
